// !$*UTF8*$!
{
	archiveVersion = 1;
	classes = {
	};
	objectVersion = 55;
	objects = {

/* Begin PBXBuildFile section */
		2112188228819316003CDAF4 /* UIColor_Extension.swift in Sources */ = {isa = PBXBuildFile; fileRef = 2112188128819316003CDAF4 /* UIColor_Extension.swift */; };
		216ABF3B2879C930003D0704 /* AppDelegate.swift in Sources */ = {isa = PBXBuildFile; fileRef = 216ABF3A2879C92F003D0704 /* AppDelegate.swift */; };
		216ABF3D2879C930003D0704 /* SceneDelegate.swift in Sources */ = {isa = PBXBuildFile; fileRef = 216ABF3C2879C930003D0704 /* SceneDelegate.swift */; };
		216ABF442879C935003D0704 /* Assets.xcassets in Resources */ = {isa = PBXBuildFile; fileRef = 216ABF432879C935003D0704 /* Assets.xcassets */; };
		216ABF472879C935003D0704 /* LaunchScreen.storyboard in Resources */ = {isa = PBXBuildFile; fileRef = 216ABF452879C935003D0704 /* LaunchScreen.storyboard */; };
		216ABF522879C936003D0704 /* XYDouYuTests.swift in Sources */ = {isa = PBXBuildFile; fileRef = 216ABF512879C936003D0704 /* XYDouYuTests.swift */; };
		216ABF5C2879C936003D0704 /* XYDouYuUITests.swift in Sources */ = {isa = PBXBuildFile; fileRef = 216ABF5B2879C936003D0704 /* XYDouYuUITests.swift */; };
		216ABF5E2879C936003D0704 /* XYDouYuUITestsLaunchTests.swift in Sources */ = {isa = PBXBuildFile; fileRef = 216ABF5D2879C936003D0704 /* XYDouYuUITestsLaunchTests.swift */; };
		2190497A28804FD4001A3D47 /* Main.storyboard in Resources */ = {isa = PBXBuildFile; fileRef = 2190497828804FD4001A3D47 /* Main.storyboard */; };
		2190497B28804FD4001A3D47 /* Main.swift in Sources */ = {isa = PBXBuildFile; fileRef = 2190497928804FD4001A3D47 /* Main.swift */; };
		2190498128804FE5001A3D47 /* Home.swift in Sources */ = {isa = PBXBuildFile; fileRef = 2190497E28804FE5001A3D47 /* Home.swift */; };
		2190498228804FE5001A3D47 /* Home.storyboard in Resources */ = {isa = PBXBuildFile; fileRef = 2190497F28804FE5001A3D47 /* Home.storyboard */; };
		2190498728804FF5001A3D47 /* Live.storyboard in Resources */ = {isa = PBXBuildFile; fileRef = 2190498428804FF4001A3D47 /* Live.storyboard */; };
		2190498C28805001001A3D47 /* Follow.storyboard in Resources */ = {isa = PBXBuildFile; fileRef = 2190498A28805001001A3D47 /* Follow.storyboard */; };
		219049912880500F001A3D47 /* Mine.storyboard in Resources */ = {isa = PBXBuildFile; fileRef = 2190498E2880500F001A3D47 /* Mine.storyboard */; };
		219049942880503E001A3D47 /* UIBarButtonItem_Extension.swift in Sources */ = {isa = PBXBuildFile; fileRef = 219049932880503E001A3D47 /* UIBarButtonItem_Extension.swift */; };
		21904998288055B8001A3D47 /* Macro.swift in Sources */ = {isa = PBXBuildFile; fileRef = 21904997288055B8001A3D47 /* Macro.swift */; };
		2190499B288160DC001A3D47 /* PageTitleView.swift in Sources */ = {isa = PBXBuildFile; fileRef = 2190499A288160DC001A3D47 /* PageTitleView.swift */; };
		2190499D28816147001A3D47 /* PageContentView.swift in Sources */ = {isa = PBXBuildFile; fileRef = 2190499C28816147001A3D47 /* PageContentView.swift */; };
		21F265912894E74F0039C026 /* RecommendVC.swift in Sources */ = {isa = PBXBuildFile; fileRef = 21F265902894E74F0039C026 /* RecommendVC.swift */; };
		21F26594289626E60039C026 /* RecommendHeaderView.swift in Sources */ = {isa = PBXBuildFile; fileRef = 21F26592289626E60039C026 /* RecommendHeaderView.swift */; };
		21F26595289626E60039C026 /* RecommendHeaderView.xib in Resources */ = {isa = PBXBuildFile; fileRef = 21F26593289626E60039C026 /* RecommendHeaderView.xib */; };
		21F26598289679800039C026 /* RecommendNormalCell.swift in Sources */ = {isa = PBXBuildFile; fileRef = 21F26596289679800039C026 /* RecommendNormalCell.swift */; };
		21F26599289679800039C026 /* RecommendNormalCell.xib in Resources */ = {isa = PBXBuildFile; fileRef = 21F26597289679800039C026 /* RecommendNormalCell.xib */; };
		21F2659C28968EB10039C026 /* RecommendPrettyCell.swift in Sources */ = {isa = PBXBuildFile; fileRef = 21F2659A28968EB10039C026 /* RecommendPrettyCell.swift */; };
		21F2659D28968EB10039C026 /* RecommendPrettyCell.xib in Resources */ = {isa = PBXBuildFile; fileRef = 21F2659B28968EB10039C026 /* RecommendPrettyCell.xib */; };
		21F265A028A74C460039C026 /* NetworkTools.swift in Sources */ = {isa = PBXBuildFile; fileRef = 21F2659F28A74C460039C026 /* NetworkTools.swift */; };
		21F265A328A7A6BD0039C026 /* HomeViewModel.swift in Sources */ = {isa = PBXBuildFile; fileRef = 21F265A228A7A6BC0039C026 /* HomeViewModel.swift */; };
		21F265A628A7A7FA0039C026 /* RecommendViewModel.swift in Sources */ = {isa = PBXBuildFile; fileRef = 21F265A528A7A7FA0039C026 /* RecommendViewModel.swift */; };
		21F265A828A7AE230039C026 /* NSDate_Extension.swift in Sources */ = {isa = PBXBuildFile; fileRef = 21F265A728A7AE230039C026 /* NSDate_Extension.swift */; };
		21F265AA28A7B8330039C026 /* AnchorGroup.swift in Sources */ = {isa = PBXBuildFile; fileRef = 21F265A928A7B8320039C026 /* AnchorGroup.swift */; };
		21F265AC28A7C1330039C026 /* AnchorModel.swift in Sources */ = {isa = PBXBuildFile; fileRef = 21F265AB28A7C1320039C026 /* AnchorModel.swift */; };
		4D2DE2389EC1CB0BA3164A4B /* Pods_XYDouYu.framework in Frameworks */ = {isa = PBXBuildFile; fileRef = 25BC46BED3D11257483DD775 /* Pods_XYDouYu.framework */; };
/* End PBXBuildFile section */

/* Begin PBXContainerItemProxy section */
		216ABF4E2879C936003D0704 /* PBXContainerItemProxy */ = {
			isa = PBXContainerItemProxy;
			containerPortal = 216ABF2F2879C92F003D0704 /* Project object */;
			proxyType = 1;
			remoteGlobalIDString = 216ABF362879C92F003D0704;
			remoteInfo = XYDouYu;
		};
		216ABF582879C936003D0704 /* PBXContainerItemProxy */ = {
			isa = PBXContainerItemProxy;
			containerPortal = 216ABF2F2879C92F003D0704 /* Project object */;
			proxyType = 1;
			remoteGlobalIDString = 216ABF362879C92F003D0704;
			remoteInfo = XYDouYu;
		};
/* End PBXContainerItemProxy section */

/* Begin PBXFileReference section */
		19B4413505E58AE85201E488 /* Pods-XYDouYu.release.xcconfig */ = {isa = PBXFileReference; includeInIndex = 1; lastKnownFileType = text.xcconfig; name = "Pods-XYDouYu.release.xcconfig"; path = "Target Support Files/Pods-XYDouYu/Pods-XYDouYu.release.xcconfig"; sourceTree = "<group>"; };
		2112188128819316003CDAF4 /* UIColor_Extension.swift */ = {isa = PBXFileReference; lastKnownFileType = sourcecode.swift; path = UIColor_Extension.swift; sourceTree = "<group>"; };
		216ABF372879C92F003D0704 /* XYDouYu.app */ = {isa = PBXFileReference; explicitFileType = wrapper.application; includeInIndex = 0; path = XYDouYu.app; sourceTree = BUILT_PRODUCTS_DIR; };
		216ABF3A2879C92F003D0704 /* AppDelegate.swift */ = {isa = PBXFileReference; lastKnownFileType = sourcecode.swift; path = AppDelegate.swift; sourceTree = "<group>"; };
		216ABF3C2879C930003D0704 /* SceneDelegate.swift */ = {isa = PBXFileReference; lastKnownFileType = sourcecode.swift; path = SceneDelegate.swift; sourceTree = "<group>"; };
		216ABF432879C935003D0704 /* Assets.xcassets */ = {isa = PBXFileReference; lastKnownFileType = folder.assetcatalog; path = Assets.xcassets; sourceTree = "<group>"; };
		216ABF462879C935003D0704 /* Base */ = {isa = PBXFileReference; lastKnownFileType = file.storyboard; name = Base; path = Base.lproj/LaunchScreen.storyboard; sourceTree = "<group>"; };
		216ABF482879C935003D0704 /* Info.plist */ = {isa = PBXFileReference; lastKnownFileType = text.plist.xml; path = Info.plist; sourceTree = "<group>"; };
		216ABF4D2879C936003D0704 /* XYDouYuTests.xctest */ = {isa = PBXFileReference; explicitFileType = wrapper.cfbundle; includeInIndex = 0; path = XYDouYuTests.xctest; sourceTree = BUILT_PRODUCTS_DIR; };
		216ABF512879C936003D0704 /* XYDouYuTests.swift */ = {isa = PBXFileReference; lastKnownFileType = sourcecode.swift; path = XYDouYuTests.swift; sourceTree = "<group>"; };
		216ABF572879C936003D0704 /* XYDouYuUITests.xctest */ = {isa = PBXFileReference; explicitFileType = wrapper.cfbundle; includeInIndex = 0; path = XYDouYuUITests.xctest; sourceTree = BUILT_PRODUCTS_DIR; };
		216ABF5B2879C936003D0704 /* XYDouYuUITests.swift */ = {isa = PBXFileReference; lastKnownFileType = sourcecode.swift; path = XYDouYuUITests.swift; sourceTree = "<group>"; };
		216ABF5D2879C936003D0704 /* XYDouYuUITestsLaunchTests.swift */ = {isa = PBXFileReference; lastKnownFileType = sourcecode.swift; path = XYDouYuUITestsLaunchTests.swift; sourceTree = "<group>"; };
		2190497828804FD4001A3D47 /* Main.storyboard */ = {isa = PBXFileReference; fileEncoding = 4; lastKnownFileType = file.storyboard; path = Main.storyboard; sourceTree = "<group>"; };
		2190497928804FD4001A3D47 /* Main.swift */ = {isa = PBXFileReference; fileEncoding = 4; lastKnownFileType = sourcecode.swift; path = Main.swift; sourceTree = "<group>"; };
		2190497E28804FE5001A3D47 /* Home.swift */ = {isa = PBXFileReference; fileEncoding = 4; lastKnownFileType = sourcecode.swift; path = Home.swift; sourceTree = "<group>"; };
		2190497F28804FE5001A3D47 /* Home.storyboard */ = {isa = PBXFileReference; fileEncoding = 4; lastKnownFileType = file.storyboard; path = Home.storyboard; sourceTree = "<group>"; };
		2190498428804FF4001A3D47 /* Live.storyboard */ = {isa = PBXFileReference; fileEncoding = 4; lastKnownFileType = file.storyboard; path = Live.storyboard; sourceTree = "<group>"; };
		2190498A28805001001A3D47 /* Follow.storyboard */ = {isa = PBXFileReference; fileEncoding = 4; lastKnownFileType = file.storyboard; path = Follow.storyboard; sourceTree = "<group>"; };
		2190498E2880500F001A3D47 /* Mine.storyboard */ = {isa = PBXFileReference; fileEncoding = 4; lastKnownFileType = file.storyboard; path = Mine.storyboard; sourceTree = "<group>"; };
		219049932880503E001A3D47 /* UIBarButtonItem_Extension.swift */ = {isa = PBXFileReference; fileEncoding = 4; lastKnownFileType = sourcecode.swift; path = UIBarButtonItem_Extension.swift; sourceTree = "<group>"; };
		21904997288055B8001A3D47 /* Macro.swift */ = {isa = PBXFileReference; lastKnownFileType = sourcecode.swift; path = Macro.swift; sourceTree = "<group>"; };
		2190499A288160DC001A3D47 /* PageTitleView.swift */ = {isa = PBXFileReference; fileEncoding = 4; lastKnownFileType = sourcecode.swift; path = PageTitleView.swift; sourceTree = "<group>"; };
		2190499C28816147001A3D47 /* PageContentView.swift */ = {isa = PBXFileReference; lastKnownFileType = sourcecode.swift; path = PageContentView.swift; sourceTree = "<group>"; };
		21F265902894E74F0039C026 /* RecommendVC.swift */ = {isa = PBXFileReference; lastKnownFileType = sourcecode.swift; path = RecommendVC.swift; sourceTree = "<group>"; };
		21F26592289626E60039C026 /* RecommendHeaderView.swift */ = {isa = PBXFileReference; lastKnownFileType = sourcecode.swift; path = RecommendHeaderView.swift; sourceTree = "<group>"; };
		21F26593289626E60039C026 /* RecommendHeaderView.xib */ = {isa = PBXFileReference; lastKnownFileType = file.xib; path = RecommendHeaderView.xib; sourceTree = "<group>"; };
		21F26596289679800039C026 /* RecommendNormalCell.swift */ = {isa = PBXFileReference; lastKnownFileType = sourcecode.swift; path = RecommendNormalCell.swift; sourceTree = "<group>"; };
		21F26597289679800039C026 /* RecommendNormalCell.xib */ = {isa = PBXFileReference; lastKnownFileType = file.xib; path = RecommendNormalCell.xib; sourceTree = "<group>"; };
		21F2659A28968EB10039C026 /* RecommendPrettyCell.swift */ = {isa = PBXFileReference; lastKnownFileType = sourcecode.swift; path = RecommendPrettyCell.swift; sourceTree = "<group>"; };
		21F2659B28968EB10039C026 /* RecommendPrettyCell.xib */ = {isa = PBXFileReference; lastKnownFileType = file.xib; path = RecommendPrettyCell.xib; sourceTree = "<group>"; };
		21F2659F28A74C460039C026 /* NetworkTools.swift */ = {isa = PBXFileReference; lastKnownFileType = sourcecode.swift; path = NetworkTools.swift; sourceTree = "<group>"; };
		21F265A228A7A6BC0039C026 /* HomeViewModel.swift */ = {isa = PBXFileReference; lastKnownFileType = sourcecode.swift; path = HomeViewModel.swift; sourceTree = "<group>"; };
		21F265A528A7A7FA0039C026 /* RecommendViewModel.swift */ = {isa = PBXFileReference; lastKnownFileType = sourcecode.swift; path = RecommendViewModel.swift; sourceTree = "<group>"; };
		21F265A728A7AE230039C026 /* NSDate_Extension.swift */ = {isa = PBXFileReference; lastKnownFileType = sourcecode.swift; path = NSDate_Extension.swift; sourceTree = "<group>"; };
		21F265A928A7B8320039C026 /* AnchorGroup.swift */ = {isa = PBXFileReference; lastKnownFileType = sourcecode.swift; path = AnchorGroup.swift; sourceTree = "<group>"; };
		21F265AB28A7C1320039C026 /* AnchorModel.swift */ = {isa = PBXFileReference; lastKnownFileType = sourcecode.swift; path = AnchorModel.swift; sourceTree = "<group>"; };
		25BC46BED3D11257483DD775 /* Pods_XYDouYu.framework */ = {isa = PBXFileReference; explicitFileType = wrapper.framework; includeInIndex = 0; path = Pods_XYDouYu.framework; sourceTree = BUILT_PRODUCTS_DIR; };
		C0D17C3FA9BD18D197A7D9FC /* Pods-XYDouYu.debug.xcconfig */ = {isa = PBXFileReference; includeInIndex = 1; lastKnownFileType = text.xcconfig; name = "Pods-XYDouYu.debug.xcconfig"; path = "Target Support Files/Pods-XYDouYu/Pods-XYDouYu.debug.xcconfig"; sourceTree = "<group>"; };
/* End PBXFileReference section */

/* Begin PBXFrameworksBuildPhase section */
		216ABF342879C92F003D0704 /* Frameworks */ = {
			isa = PBXFrameworksBuildPhase;
			buildActionMask = 2147483647;
			files = (
				4D2DE2389EC1CB0BA3164A4B /* Pods_XYDouYu.framework in Frameworks */,
			);
			runOnlyForDeploymentPostprocessing = 0;
		};
		216ABF4A2879C936003D0704 /* Frameworks */ = {
			isa = PBXFrameworksBuildPhase;
			buildActionMask = 2147483647;
			files = (
			);
			runOnlyForDeploymentPostprocessing = 0;
		};
		216ABF542879C936003D0704 /* Frameworks */ = {
			isa = PBXFrameworksBuildPhase;
			buildActionMask = 2147483647;
			files = (
			);
			runOnlyForDeploymentPostprocessing = 0;
		};
/* End PBXFrameworksBuildPhase section */

/* Begin PBXGroup section */
		216ABF2E2879C92F003D0704 = {
			isa = PBXGroup;
			children = (
				216ABF392879C92F003D0704 /* XYDouYu */,
				216ABF502879C936003D0704 /* XYDouYuTests */,
				216ABF5A2879C936003D0704 /* XYDouYuUITests */,
				216ABF382879C92F003D0704 /* Products */,
				68168072A2FAD9B30AB34EAB /* Pods */,
				AC353F9A4DB02E300B9F02ED /* Frameworks */,
			);
			sourceTree = "<group>";
		};
		216ABF382879C92F003D0704 /* Products */ = {
			isa = PBXGroup;
			children = (
				216ABF372879C92F003D0704 /* XYDouYu.app */,
				216ABF4D2879C936003D0704 /* XYDouYuTests.xctest */,
				216ABF572879C936003D0704 /* XYDouYuUITests.xctest */,
			);
			name = Products;
			sourceTree = "<group>";
		};
		216ABF392879C92F003D0704 /* XYDouYu */ = {
			isa = PBXGroup;
			children = (
				21A6AF35287B231C001888A3 /* Classes */,
				216ABF3A2879C92F003D0704 /* AppDelegate.swift */,
				216ABF3C2879C930003D0704 /* SceneDelegate.swift */,
				216ABF432879C935003D0704 /* Assets.xcassets */,
				216ABF452879C935003D0704 /* LaunchScreen.storyboard */,
				216ABF482879C935003D0704 /* Info.plist */,
			);
			path = XYDouYu;
			sourceTree = "<group>";
		};
		216ABF502879C936003D0704 /* XYDouYuTests */ = {
			isa = PBXGroup;
			children = (
				216ABF512879C936003D0704 /* XYDouYuTests.swift */,
			);
			path = XYDouYuTests;
			sourceTree = "<group>";
		};
		216ABF5A2879C936003D0704 /* XYDouYuUITests */ = {
			isa = PBXGroup;
			children = (
				216ABF5B2879C936003D0704 /* XYDouYuUITests.swift */,
				216ABF5D2879C936003D0704 /* XYDouYuUITestsLaunchTests.swift */,
			);
			path = XYDouYuUITests;
			sourceTree = "<group>";
		};
		2190497528804FD4001A3D47 /* Model */ = {
			isa = PBXGroup;
			children = (
			);
			path = Model;
			sourceTree = "<group>";
		};
		2190497628804FD4001A3D47 /* View */ = {
			isa = PBXGroup;
			children = (
			);
			path = View;
			sourceTree = "<group>";
		};
		2190497728804FD4001A3D47 /* VC */ = {
			isa = PBXGroup;
			children = (
				2190497828804FD4001A3D47 /* Main.storyboard */,
				2190497928804FD4001A3D47 /* Main.swift */,
			);
			path = VC;
			sourceTree = "<group>";
		};
		2190497C28804FE4001A3D47 /* Model */ = {
			isa = PBXGroup;
			children = (
			);
			path = Model;
			sourceTree = "<group>";
		};
		2190497D28804FE5001A3D47 /* VC */ = {
			isa = PBXGroup;
			children = (
				21F2658C2894E7220039C026 /* Recommend */,
				2190497E28804FE5001A3D47 /* Home.swift */,
				2190497F28804FE5001A3D47 /* Home.storyboard */,
			);
			path = VC;
			sourceTree = "<group>";
		};
		2190498028804FE5001A3D47 /* View */ = {
			isa = PBXGroup;
			children = (
			);
			path = View;
			sourceTree = "<group>";
		};
		2190498328804FF4001A3D47 /* VC */ = {
			isa = PBXGroup;
			children = (
				2190498428804FF4001A3D47 /* Live.storyboard */,
			);
			path = VC;
			sourceTree = "<group>";
		};
		2190498528804FF4001A3D47 /* Model */ = {
			isa = PBXGroup;
			children = (
			);
			path = Model;
			sourceTree = "<group>";
		};
		2190498628804FF5001A3D47 /* View */ = {
			isa = PBXGroup;
			children = (
			);
			path = View;
			sourceTree = "<group>";
		};
		2190498828805001001A3D47 /* Model */ = {
			isa = PBXGroup;
			children = (
			);
			path = Model;
			sourceTree = "<group>";
		};
		2190498928805001001A3D47 /* VC */ = {
			isa = PBXGroup;
			children = (
				2190498A28805001001A3D47 /* Follow.storyboard */,
			);
			path = VC;
			sourceTree = "<group>";
		};
		2190498B28805001001A3D47 /* View */ = {
			isa = PBXGroup;
			children = (
			);
			path = View;
			sourceTree = "<group>";
		};
		2190498D2880500F001A3D47 /* VC */ = {
			isa = PBXGroup;
			children = (
				2190498E2880500F001A3D47 /* Mine.storyboard */,
			);
			path = VC;
			sourceTree = "<group>";
		};
		2190498F2880500F001A3D47 /* View */ = {
			isa = PBXGroup;
			children = (
			);
			path = View;
			sourceTree = "<group>";
		};
		219049902880500F001A3D47 /* Model */ = {
			isa = PBXGroup;
			children = (
			);
			path = Model;
			sourceTree = "<group>";
		};
		219049922880503E001A3D47 /* Extension */ = {
			isa = PBXGroup;
			children = (
				219049932880503E001A3D47 /* UIBarButtonItem_Extension.swift */,
				2112188128819316003CDAF4 /* UIColor_Extension.swift */,
				21F265A728A7AE230039C026 /* NSDate_Extension.swift */,
			);
			path = Extension;
			sourceTree = "<group>";
		};
		21904999288160DC001A3D47 /* View */ = {
			isa = PBXGroup;
			children = (
				2190499A288160DC001A3D47 /* PageTitleView.swift */,
				2190499C28816147001A3D47 /* PageContentView.swift */,
			);
			path = View;
			sourceTree = "<group>";
		};
		21A6AF35287B231C001888A3 /* Classes */ = {
			isa = PBXGroup;
			children = (
				21A6AF3B287B231C001888A3 /* Main */,
				21A6AF36287B231C001888A3 /* Home */,
				21A6AF39287B231C001888A3 /* Live */,
				21A6AF38287B231C001888A3 /* Follow */,
				21A6AF3A287B231C001888A3 /* Mine */,
				21A6AF37287B231C001888A3 /* Tools */,
			);
			path = Classes;
			sourceTree = "<group>";
		};
		21A6AF36287B231C001888A3 /* Home */ = {
			isa = PBXGroup;
			children = (
				21F265A128A7A6740039C026 /* ViewModel */,
				2190497C28804FE4001A3D47 /* Model */,
				2190497D28804FE5001A3D47 /* VC */,
				2190498028804FE5001A3D47 /* View */,
			);
			path = Home;
			sourceTree = "<group>";
		};
		21A6AF37287B231C001888A3 /* Tools */ = {
			isa = PBXGroup;
			children = (
				21F2659E28A74C260039C026 /* Network */,
				21904999288160DC001A3D47 /* View */,
				219049922880503E001A3D47 /* Extension */,
				21904997288055B8001A3D47 /* Macro.swift */,
			);
			path = Tools;
			sourceTree = "<group>";
		};
		21A6AF38287B231C001888A3 /* Follow */ = {
			isa = PBXGroup;
			children = (
				2190498828805001001A3D47 /* Model */,
				2190498928805001001A3D47 /* VC */,
				2190498B28805001001A3D47 /* View */,
			);
			path = Follow;
			sourceTree = "<group>";
		};
		21A6AF39287B231C001888A3 /* Live */ = {
			isa = PBXGroup;
			children = (
				2190498528804FF4001A3D47 /* Model */,
				2190498328804FF4001A3D47 /* VC */,
				2190498628804FF5001A3D47 /* View */,
			);
			path = Live;
			sourceTree = "<group>";
		};
		21A6AF3A287B231C001888A3 /* Mine */ = {
			isa = PBXGroup;
			children = (
				219049902880500F001A3D47 /* Model */,
				2190498D2880500F001A3D47 /* VC */,
				2190498F2880500F001A3D47 /* View */,
			);
			path = Mine;
			sourceTree = "<group>";
		};
		21A6AF3B287B231C001888A3 /* Main */ = {
			isa = PBXGroup;
			children = (
				2190497528804FD4001A3D47 /* Model */,
				2190497728804FD4001A3D47 /* VC */,
				2190497628804FD4001A3D47 /* View */,
			);
			path = Main;
			sourceTree = "<group>";
		};
		21F2658C2894E7220039C026 /* Recommend */ = {
			isa = PBXGroup;
			children = (
				21F265A428A7A7D20039C026 /* ViewModel */,
				21F2658D2894E7220039C026 /* VC */,
				21F2658E2894E7220039C026 /* Model */,
				21F2658F2894E7220039C026 /* View */,
			);
			path = Recommend;
			sourceTree = "<group>";
		};
		21F2658D2894E7220039C026 /* VC */ = {
			isa = PBXGroup;
			children = (
				21F265902894E74F0039C026 /* RecommendVC.swift */,
			);
			path = VC;
			sourceTree = "<group>";
		};
		21F2658E2894E7220039C026 /* Model */ = {
			isa = PBXGroup;
			children = (
				21F265A928A7B8320039C026 /* AnchorGroup.swift */,
				21F265AB28A7C1320039C026 /* AnchorModel.swift */,
			);
			path = Model;
			sourceTree = "<group>";
		};
		21F2658F2894E7220039C026 /* View */ = {
			isa = PBXGroup;
			children = (
				21F26592289626E60039C026 /* RecommendHeaderView.swift */,
				21F26593289626E60039C026 /* RecommendHeaderView.xib */,
				21F26596289679800039C026 /* RecommendNormalCell.swift */,
				21F26597289679800039C026 /* RecommendNormalCell.xib */,
				21F2659A28968EB10039C026 /* RecommendPrettyCell.swift */,
				21F2659B28968EB10039C026 /* RecommendPrettyCell.xib */,
			);
			path = View;
			sourceTree = "<group>";
		};
		21F2659E28A74C260039C026 /* Network */ = {
			isa = PBXGroup;
			children = (
				21F2659F28A74C460039C026 /* NetworkTools.swift */,
			);
			path = Network;
			sourceTree = "<group>";
		};
		21F265A128A7A6740039C026 /* ViewModel */ = {
			isa = PBXGroup;
			children = (
				21F265A228A7A6BC0039C026 /* HomeViewModel.swift */,
			);
			path = ViewModel;
			sourceTree = "<group>";
		};
		21F265A428A7A7D20039C026 /* ViewModel */ = {
			isa = PBXGroup;
			children = (
				21F265A528A7A7FA0039C026 /* RecommendViewModel.swift */,
			);
			path = ViewModel;
			sourceTree = "<group>";
		};
		68168072A2FAD9B30AB34EAB /* Pods */ = {
			isa = PBXGroup;
			children = (
				C0D17C3FA9BD18D197A7D9FC /* Pods-XYDouYu.debug.xcconfig */,
				19B4413505E58AE85201E488 /* Pods-XYDouYu.release.xcconfig */,
			);
			path = Pods;
			sourceTree = "<group>";
		};
		AC353F9A4DB02E300B9F02ED /* Frameworks */ = {
			isa = PBXGroup;
			children = (
				25BC46BED3D11257483DD775 /* Pods_XYDouYu.framework */,
			);
			name = Frameworks;
			sourceTree = "<group>";
		};
/* End PBXGroup section */

/* Begin PBXNativeTarget section */
		216ABF362879C92F003D0704 /* XYDouYu */ = {
			isa = PBXNativeTarget;
			buildConfigurationList = 216ABF612879C936003D0704 /* Build configuration list for PBXNativeTarget "XYDouYu" */;
			buildPhases = (
				FACB11BD209A74BB9CCE22A5 /* [CP] Check Pods Manifest.lock */,
				216ABF332879C92F003D0704 /* Sources */,
				216ABF342879C92F003D0704 /* Frameworks */,
				216ABF352879C92F003D0704 /* Resources */,
				2B8A9D07597F553837E008FE /* [CP] Embed Pods Frameworks */,
			);
			buildRules = (
			);
			dependencies = (
			);
			name = XYDouYu;
			productName = XYDouYu;
			productReference = 216ABF372879C92F003D0704 /* XYDouYu.app */;
			productType = "com.apple.product-type.application";
		};
		216ABF4C2879C936003D0704 /* XYDouYuTests */ = {
			isa = PBXNativeTarget;
			buildConfigurationList = 216ABF642879C936003D0704 /* Build configuration list for PBXNativeTarget "XYDouYuTests" */;
			buildPhases = (
				216ABF492879C936003D0704 /* Sources */,
				216ABF4A2879C936003D0704 /* Frameworks */,
				216ABF4B2879C936003D0704 /* Resources */,
			);
			buildRules = (
			);
			dependencies = (
				216ABF4F2879C936003D0704 /* PBXTargetDependency */,
			);
			name = XYDouYuTests;
			productName = XYDouYuTests;
			productReference = 216ABF4D2879C936003D0704 /* XYDouYuTests.xctest */;
			productType = "com.apple.product-type.bundle.unit-test";
		};
		216ABF562879C936003D0704 /* XYDouYuUITests */ = {
			isa = PBXNativeTarget;
			buildConfigurationList = 216ABF672879C936003D0704 /* Build configuration list for PBXNativeTarget "XYDouYuUITests" */;
			buildPhases = (
				216ABF532879C936003D0704 /* Sources */,
				216ABF542879C936003D0704 /* Frameworks */,
				216ABF552879C936003D0704 /* Resources */,
			);
			buildRules = (
			);
			dependencies = (
				216ABF592879C936003D0704 /* PBXTargetDependency */,
			);
			name = XYDouYuUITests;
			productName = XYDouYuUITests;
			productReference = 216ABF572879C936003D0704 /* XYDouYuUITests.xctest */;
			productType = "com.apple.product-type.bundle.ui-testing";
		};
/* End PBXNativeTarget section */

/* Begin PBXProject section */
		216ABF2F2879C92F003D0704 /* Project object */ = {
			isa = PBXProject;
			attributes = {
				BuildIndependentTargetsInParallel = 1;
				LastSwiftUpdateCheck = 1300;
				LastUpgradeCheck = 1300;
				TargetAttributes = {
					216ABF362879C92F003D0704 = {
						CreatedOnToolsVersion = 13.0;
					};
					216ABF4C2879C936003D0704 = {
						CreatedOnToolsVersion = 13.0;
						TestTargetID = 216ABF362879C92F003D0704;
					};
					216ABF562879C936003D0704 = {
						CreatedOnToolsVersion = 13.0;
						TestTargetID = 216ABF362879C92F003D0704;
					};
				};
			};
			buildConfigurationList = 216ABF322879C92F003D0704 /* Build configuration list for PBXProject "XYDouYu" */;
			compatibilityVersion = "Xcode 13.0";
			developmentRegion = en;
			hasScannedForEncodings = 0;
			knownRegions = (
				en,
				Base,
			);
			mainGroup = 216ABF2E2879C92F003D0704;
			productRefGroup = 216ABF382879C92F003D0704 /* Products */;
			projectDirPath = "";
			projectRoot = "";
			targets = (
				216ABF362879C92F003D0704 /* XYDouYu */,
				216ABF4C2879C936003D0704 /* XYDouYuTests */,
				216ABF562879C936003D0704 /* XYDouYuUITests */,
			);
		};
/* End PBXProject section */

/* Begin PBXResourcesBuildPhase section */
		216ABF352879C92F003D0704 /* Resources */ = {
			isa = PBXResourcesBuildPhase;
			buildActionMask = 2147483647;
			files = (
				2190497A28804FD4001A3D47 /* Main.storyboard in Resources */,
				21F26599289679800039C026 /* RecommendNormalCell.xib in Resources */,
				216ABF472879C935003D0704 /* LaunchScreen.storyboard in Resources */,
				216ABF442879C935003D0704 /* Assets.xcassets in Resources */,
				2190498728804FF5001A3D47 /* Live.storyboard in Resources */,
				219049912880500F001A3D47 /* Mine.storyboard in Resources */,
				2190498228804FE5001A3D47 /* Home.storyboard in Resources */,
				21F26595289626E60039C026 /* RecommendHeaderView.xib in Resources */,
				21F2659D28968EB10039C026 /* RecommendPrettyCell.xib in Resources */,
				2190498C28805001001A3D47 /* Follow.storyboard in Resources */,
			);
			runOnlyForDeploymentPostprocessing = 0;
		};
		216ABF4B2879C936003D0704 /* Resources */ = {
			isa = PBXResourcesBuildPhase;
			buildActionMask = 2147483647;
			files = (
			);
			runOnlyForDeploymentPostprocessing = 0;
		};
		216ABF552879C936003D0704 /* Resources */ = {
			isa = PBXResourcesBuildPhase;
			buildActionMask = 2147483647;
			files = (
			);
			runOnlyForDeploymentPostprocessing = 0;
		};
/* End PBXResourcesBuildPhase section */

/* Begin PBXShellScriptBuildPhase section */
		2B8A9D07597F553837E008FE /* [CP] Embed Pods Frameworks */ = {
			isa = PBXShellScriptBuildPhase;
			buildActionMask = 2147483647;
			files = (
			);
			inputFileListPaths = (
				"${PODS_ROOT}/Target Support Files/Pods-XYDouYu/Pods-XYDouYu-frameworks-${CONFIGURATION}-input-files.xcfilelist",
			);
			name = "[CP] Embed Pods Frameworks";
			outputFileListPaths = (
				"${PODS_ROOT}/Target Support Files/Pods-XYDouYu/Pods-XYDouYu-frameworks-${CONFIGURATION}-output-files.xcfilelist",
			);
			runOnlyForDeploymentPostprocessing = 0;
			shellPath = /bin/sh;
			shellScript = "\"${PODS_ROOT}/Target Support Files/Pods-XYDouYu/Pods-XYDouYu-frameworks.sh\"\n";
			showEnvVarsInLog = 0;
		};
		FACB11BD209A74BB9CCE22A5 /* [CP] Check Pods Manifest.lock */ = {
			isa = PBXShellScriptBuildPhase;
			buildActionMask = 2147483647;
			files = (
			);
			inputFileListPaths = (
			);
			inputPaths = (
				"${PODS_PODFILE_DIR_PATH}/Podfile.lock",
				"${PODS_ROOT}/Manifest.lock",
			);
			name = "[CP] Check Pods Manifest.lock";
			outputFileListPaths = (
			);
			outputPaths = (
				"$(DERIVED_FILE_DIR)/Pods-XYDouYu-checkManifestLockResult.txt",
			);
			runOnlyForDeploymentPostprocessing = 0;
			shellPath = /bin/sh;
			shellScript = "diff \"${PODS_PODFILE_DIR_PATH}/Podfile.lock\" \"${PODS_ROOT}/Manifest.lock\" > /dev/null\nif [ $? != 0 ] ; then\n    # print error to STDERR\n    echo \"error: The sandbox is not in sync with the Podfile.lock. Run 'pod install' or update your CocoaPods installation.\" >&2\n    exit 1\nfi\n# This output is used by Xcode 'outputs' to avoid re-running this script phase.\necho \"SUCCESS\" > \"${SCRIPT_OUTPUT_FILE_0}\"\n";
			showEnvVarsInLog = 0;
		};
/* End PBXShellScriptBuildPhase section */

/* Begin PBXSourcesBuildPhase section */
		216ABF332879C92F003D0704 /* Sources */ = {
			isa = PBXSourcesBuildPhase;
			buildActionMask = 2147483647;
			files = (
				21904998288055B8001A3D47 /* Macro.swift in Sources */,
				21F26594289626E60039C026 /* RecommendHeaderView.swift in Sources */,
				21F265AC28A7C1330039C026 /* AnchorModel.swift in Sources */,
				21F265912894E74F0039C026 /* RecommendVC.swift in Sources */,
				2190499B288160DC001A3D47 /* PageTitleView.swift in Sources */,
				216ABF3B2879C930003D0704 /* AppDelegate.swift in Sources */,
				21F265A828A7AE230039C026 /* NSDate_Extension.swift in Sources */,
				21F265AA28A7B8330039C026 /* AnchorGroup.swift in Sources */,
				2190499D28816147001A3D47 /* PageContentView.swift in Sources */,
				2190498128804FE5001A3D47 /* Home.swift in Sources */,
				2112188228819316003CDAF4 /* UIColor_Extension.swift in Sources */,
				21F265A328A7A6BD0039C026 /* HomeViewModel.swift in Sources */,
				21F265A628A7A7FA0039C026 /* RecommendViewModel.swift in Sources */,
				21F2659C28968EB10039C026 /* RecommendPrettyCell.swift in Sources */,
				21F265A028A74C460039C026 /* NetworkTools.swift in Sources */,
				219049942880503E001A3D47 /* UIBarButtonItem_Extension.swift in Sources */,
				2190497B28804FD4001A3D47 /* Main.swift in Sources */,
				216ABF3D2879C930003D0704 /* SceneDelegate.swift in Sources */,
				21F26598289679800039C026 /* RecommendNormalCell.swift in Sources */,
			);
			runOnlyForDeploymentPostprocessing = 0;
		};
		216ABF492879C936003D0704 /* Sources */ = {
			isa = PBXSourcesBuildPhase;
			buildActionMask = 2147483647;
			files = (
				216ABF522879C936003D0704 /* XYDouYuTests.swift in Sources */,
			);
			runOnlyForDeploymentPostprocessing = 0;
		};
		216ABF532879C936003D0704 /* Sources */ = {
			isa = PBXSourcesBuildPhase;
			buildActionMask = 2147483647;
			files = (
				216ABF5E2879C936003D0704 /* XYDouYuUITestsLaunchTests.swift in Sources */,
				216ABF5C2879C936003D0704 /* XYDouYuUITests.swift in Sources */,
			);
			runOnlyForDeploymentPostprocessing = 0;
		};
/* End PBXSourcesBuildPhase section */

/* Begin PBXTargetDependency section */
		216ABF4F2879C936003D0704 /* PBXTargetDependency */ = {
			isa = PBXTargetDependency;
			target = 216ABF362879C92F003D0704 /* XYDouYu */;
			targetProxy = 216ABF4E2879C936003D0704 /* PBXContainerItemProxy */;
		};
		216ABF592879C936003D0704 /* PBXTargetDependency */ = {
			isa = PBXTargetDependency;
			target = 216ABF362879C92F003D0704 /* XYDouYu */;
			targetProxy = 216ABF582879C936003D0704 /* PBXContainerItemProxy */;
		};
/* End PBXTargetDependency section */

/* Begin PBXVariantGroup section */
		216ABF452879C935003D0704 /* LaunchScreen.storyboard */ = {
			isa = PBXVariantGroup;
			children = (
				216ABF462879C935003D0704 /* Base */,
			);
			name = LaunchScreen.storyboard;
			sourceTree = "<group>";
		};
/* End PBXVariantGroup section */

/* Begin XCBuildConfiguration section */
		216ABF5F2879C936003D0704 /* Debug */ = {
			isa = XCBuildConfiguration;
			buildSettings = {
				ALWAYS_SEARCH_USER_PATHS = NO;
				CLANG_ANALYZER_NONNULL = YES;
				CLANG_ANALYZER_NUMBER_OBJECT_CONVERSION = YES_AGGRESSIVE;
				CLANG_CXX_LANGUAGE_STANDARD = "gnu++17";
				CLANG_CXX_LIBRARY = "libc++";
				CLANG_ENABLE_MODULES = YES;
				CLANG_ENABLE_OBJC_ARC = YES;
				CLANG_ENABLE_OBJC_WEAK = YES;
				CLANG_WARN_BLOCK_CAPTURE_AUTORELEASING = YES;
				CLANG_WARN_BOOL_CONVERSION = YES;
				CLANG_WARN_COMMA = YES;
				CLANG_WARN_CONSTANT_CONVERSION = YES;
				CLANG_WARN_DEPRECATED_OBJC_IMPLEMENTATIONS = YES;
				CLANG_WARN_DIRECT_OBJC_ISA_USAGE = YES_ERROR;
				CLANG_WARN_DOCUMENTATION_COMMENTS = YES;
				CLANG_WARN_EMPTY_BODY = YES;
				CLANG_WARN_ENUM_CONVERSION = YES;
				CLANG_WARN_INFINITE_RECURSION = YES;
				CLANG_WARN_INT_CONVERSION = YES;
				CLANG_WARN_NON_LITERAL_NULL_CONVERSION = YES;
				CLANG_WARN_OBJC_IMPLICIT_RETAIN_SELF = YES;
				CLANG_WARN_OBJC_LITERAL_CONVERSION = YES;
				CLANG_WARN_OBJC_ROOT_CLASS = YES_ERROR;
				CLANG_WARN_QUOTED_INCLUDE_IN_FRAMEWORK_HEADER = YES;
				CLANG_WARN_RANGE_LOOP_ANALYSIS = YES;
				CLANG_WARN_STRICT_PROTOTYPES = YES;
				CLANG_WARN_SUSPICIOUS_MOVE = YES;
				CLANG_WARN_UNGUARDED_AVAILABILITY = YES_AGGRESSIVE;
				CLANG_WARN_UNREACHABLE_CODE = YES;
				CLANG_WARN__DUPLICATE_METHOD_MATCH = YES;
				COPY_PHASE_STRIP = NO;
				DEBUG_INFORMATION_FORMAT = dwarf;
				ENABLE_STRICT_OBJC_MSGSEND = YES;
				ENABLE_TESTABILITY = YES;
				GCC_C_LANGUAGE_STANDARD = gnu11;
				GCC_DYNAMIC_NO_PIC = NO;
				GCC_NO_COMMON_BLOCKS = YES;
				GCC_OPTIMIZATION_LEVEL = 0;
				GCC_PREPROCESSOR_DEFINITIONS = (
					"DEBUG=1",
					"$(inherited)",
				);
				GCC_WARN_64_TO_32_BIT_CONVERSION = YES;
				GCC_WARN_ABOUT_RETURN_TYPE = YES_ERROR;
				GCC_WARN_UNDECLARED_SELECTOR = YES;
				GCC_WARN_UNINITIALIZED_AUTOS = YES_AGGRESSIVE;
				GCC_WARN_UNUSED_FUNCTION = YES;
				GCC_WARN_UNUSED_VARIABLE = YES;
				IPHONEOS_DEPLOYMENT_TARGET = 15.0;
				MTL_ENABLE_DEBUG_INFO = INCLUDE_SOURCE;
				MTL_FAST_MATH = YES;
				ONLY_ACTIVE_ARCH = YES;
				SDKROOT = iphoneos;
				SWIFT_ACTIVE_COMPILATION_CONDITIONS = DEBUG;
				SWIFT_OPTIMIZATION_LEVEL = "-Onone";
			};
			name = Debug;
		};
		216ABF602879C936003D0704 /* Release */ = {
			isa = XCBuildConfiguration;
			buildSettings = {
				ALWAYS_SEARCH_USER_PATHS = NO;
				CLANG_ANALYZER_NONNULL = YES;
				CLANG_ANALYZER_NUMBER_OBJECT_CONVERSION = YES_AGGRESSIVE;
				CLANG_CXX_LANGUAGE_STANDARD = "gnu++17";
				CLANG_CXX_LIBRARY = "libc++";
				CLANG_ENABLE_MODULES = YES;
				CLANG_ENABLE_OBJC_ARC = YES;
				CLANG_ENABLE_OBJC_WEAK = YES;
				CLANG_WARN_BLOCK_CAPTURE_AUTORELEASING = YES;
				CLANG_WARN_BOOL_CONVERSION = YES;
				CLANG_WARN_COMMA = YES;
				CLANG_WARN_CONSTANT_CONVERSION = YES;
				CLANG_WARN_DEPRECATED_OBJC_IMPLEMENTATIONS = YES;
				CLANG_WARN_DIRECT_OBJC_ISA_USAGE = YES_ERROR;
				CLANG_WARN_DOCUMENTATION_COMMENTS = YES;
				CLANG_WARN_EMPTY_BODY = YES;
				CLANG_WARN_ENUM_CONVERSION = YES;
				CLANG_WARN_INFINITE_RECURSION = YES;
				CLANG_WARN_INT_CONVERSION = YES;
				CLANG_WARN_NON_LITERAL_NULL_CONVERSION = YES;
				CLANG_WARN_OBJC_IMPLICIT_RETAIN_SELF = YES;
				CLANG_WARN_OBJC_LITERAL_CONVERSION = YES;
				CLANG_WARN_OBJC_ROOT_CLASS = YES_ERROR;
				CLANG_WARN_QUOTED_INCLUDE_IN_FRAMEWORK_HEADER = YES;
				CLANG_WARN_RANGE_LOOP_ANALYSIS = YES;
				CLANG_WARN_STRICT_PROTOTYPES = YES;
				CLANG_WARN_SUSPICIOUS_MOVE = YES;
				CLANG_WARN_UNGUARDED_AVAILABILITY = YES_AGGRESSIVE;
				CLANG_WARN_UNREACHABLE_CODE = YES;
				CLANG_WARN__DUPLICATE_METHOD_MATCH = YES;
				COPY_PHASE_STRIP = NO;
				DEBUG_INFORMATION_FORMAT = "dwarf-with-dsym";
				ENABLE_NS_ASSERTIONS = NO;
				ENABLE_STRICT_OBJC_MSGSEND = YES;
				GCC_C_LANGUAGE_STANDARD = gnu11;
				GCC_NO_COMMON_BLOCKS = YES;
				GCC_WARN_64_TO_32_BIT_CONVERSION = YES;
				GCC_WARN_ABOUT_RETURN_TYPE = YES_ERROR;
				GCC_WARN_UNDECLARED_SELECTOR = YES;
				GCC_WARN_UNINITIALIZED_AUTOS = YES_AGGRESSIVE;
				GCC_WARN_UNUSED_FUNCTION = YES;
				GCC_WARN_UNUSED_VARIABLE = YES;
				IPHONEOS_DEPLOYMENT_TARGET = 15.0;
				MTL_ENABLE_DEBUG_INFO = NO;
				MTL_FAST_MATH = YES;
				SDKROOT = iphoneos;
				SWIFT_COMPILATION_MODE = wholemodule;
				SWIFT_OPTIMIZATION_LEVEL = "-O";
				VALIDATE_PRODUCT = YES;
			};
			name = Release;
		};
		216ABF622879C936003D0704 /* Debug */ = {
			isa = XCBuildConfiguration;
			baseConfigurationReference = C0D17C3FA9BD18D197A7D9FC /* Pods-XYDouYu.debug.xcconfig */;
			buildSettings = {
				ASSETCATALOG_COMPILER_APPICON_NAME = AppIcon;
				ASSETCATALOG_COMPILER_GLOBAL_ACCENT_COLOR_NAME = AccentColor;
				CLANG_ENABLE_OBJC_WEAK = NO;
				CODE_SIGN_STYLE = Automatic;
				CURRENT_PROJECT_VERSION = 1;
				GENERATE_INFOPLIST_FILE = YES;
				INFOPLIST_FILE = XYDouYu/Info.plist;
				INFOPLIST_KEY_UIApplicationSupportsIndirectInputEvents = YES;
				INFOPLIST_KEY_UILaunchStoryboardName = LaunchScreen;
				INFOPLIST_KEY_UIMainStoryboardFile = Main;
				INFOPLIST_KEY_UISupportedInterfaceOrientations_iPad = "UIInterfaceOrientationPortrait UIInterfaceOrientationPortraitUpsideDown UIInterfaceOrientationLandscapeLeft UIInterfaceOrientationLandscapeRight";
				INFOPLIST_KEY_UISupportedInterfaceOrientations_iPhone = "UIInterfaceOrientationPortrait UIInterfaceOrientationLandscapeLeft UIInterfaceOrientationLandscapeRight";
				LD_RUNPATH_SEARCH_PATHS = (
					"$(inherited)",
					"@executable_path/Frameworks",
				);
				MARKETING_VERSION = 1.0;
				PRODUCT_BUNDLE_IDENTIFIER = XY.XYDouYu;
				PRODUCT_NAME = "$(TARGET_NAME)";
				SWIFT_EMIT_LOC_STRINGS = YES;
				SWIFT_VERSION = 5.0;
				TARGETED_DEVICE_FAMILY = "1,2";
			};
			name = Debug;
		};
		216ABF632879C936003D0704 /* Release */ = {
			isa = XCBuildConfiguration;
			baseConfigurationReference = 19B4413505E58AE85201E488 /* Pods-XYDouYu.release.xcconfig */;
			buildSettings = {
				ASSETCATALOG_COMPILER_APPICON_NAME = AppIcon;
				ASSETCATALOG_COMPILER_GLOBAL_ACCENT_COLOR_NAME = AccentColor;
				CLANG_ENABLE_OBJC_WEAK = NO;
				CODE_SIGN_STYLE = Automatic;
				CURRENT_PROJECT_VERSION = 1;
				GENERATE_INFOPLIST_FILE = YES;
				INFOPLIST_FILE = XYDouYu/Info.plist;
				INFOPLIST_KEY_UIApplicationSupportsIndirectInputEvents = YES;
				INFOPLIST_KEY_UILaunchStoryboardName = LaunchScreen;
				INFOPLIST_KEY_UIMainStoryboardFile = Main;
				INFOPLIST_KEY_UISupportedInterfaceOrientations_iPad = "UIInterfaceOrientationPortrait UIInterfaceOrientationPortraitUpsideDown UIInterfaceOrientationLandscapeLeft UIInterfaceOrientationLandscapeRight";
				INFOPLIST_KEY_UISupportedInterfaceOrientations_iPhone = "UIInterfaceOrientationPortrait UIInterfaceOrientationLandscapeLeft UIInterfaceOrientationLandscapeRight";
				LD_RUNPATH_SEARCH_PATHS = (
					"$(inherited)",
					"@executable_path/Frameworks",
				);
				MARKETING_VERSION = 1.0;
				PRODUCT_BUNDLE_IDENTIFIER = XY.XYDouYu;
				PRODUCT_NAME = "$(TARGET_NAME)";
				SWIFT_EMIT_LOC_STRINGS = YES;
				SWIFT_VERSION = 5.0;
				TARGETED_DEVICE_FAMILY = "1,2";
			};
			name = Release;
		};
		216ABF652879C936003D0704 /* Debug */ = {
			isa = XCBuildConfiguration;
			buildSettings = {
				ALWAYS_EMBED_SWIFT_STANDARD_LIBRARIES = YES;
				BUNDLE_LOADER = "$(TEST_HOST)";
				CODE_SIGN_STYLE = Automatic;
				CURRENT_PROJECT_VERSION = 1;
				GENERATE_INFOPLIST_FILE = YES;
				IPHONEOS_DEPLOYMENT_TARGET = 15.0;
				LD_RUNPATH_SEARCH_PATHS = (
					"$(inherited)",
					"@executable_path/Frameworks",
					"@loader_path/Frameworks",
				);
				MARKETING_VERSION = 1.0;
				PRODUCT_BUNDLE_IDENTIFIER = XY.XYDouYuTests;
				PRODUCT_NAME = "$(TARGET_NAME)";
				SWIFT_EMIT_LOC_STRINGS = NO;
				SWIFT_VERSION = 5.0;
				TARGETED_DEVICE_FAMILY = "1,2";
				TEST_HOST = "$(BUILT_PRODUCTS_DIR)/XYDouYu.app/XYDouYu";
			};
			name = Debug;
		};
		216ABF662879C936003D0704 /* Release */ = {
			isa = XCBuildConfiguration;
			buildSettings = {
				ALWAYS_EMBED_SWIFT_STANDARD_LIBRARIES = YES;
				BUNDLE_LOADER = "$(TEST_HOST)";
				CODE_SIGN_STYLE = Automatic;
				CURRENT_PROJECT_VERSION = 1;
				GENERATE_INFOPLIST_FILE = YES;
				IPHONEOS_DEPLOYMENT_TARGET = 15.0;
				LD_RUNPATH_SEARCH_PATHS = (
					"$(inherited)",
					"@executable_path/Frameworks",
					"@loader_path/Frameworks",
				);
				MARKETING_VERSION = 1.0;
				PRODUCT_BUNDLE_IDENTIFIER = XY.XYDouYuTests;
				PRODUCT_NAME = "$(TARGET_NAME)";
				SWIFT_EMIT_LOC_STRINGS = NO;
				SWIFT_VERSION = 5.0;
				TARGETED_DEVICE_FAMILY = "1,2";
				TEST_HOST = "$(BUILT_PRODUCTS_DIR)/XYDouYu.app/XYDouYu";
			};
			name = Release;
		};
		216ABF682879C936003D0704 /* Debug */ = {
			isa = XCBuildConfiguration;
			buildSettings = {
				ALWAYS_EMBED_SWIFT_STANDARD_LIBRARIES = YES;
				CODE_SIGN_STYLE = Automatic;
				CURRENT_PROJECT_VERSION = 1;
				GENERATE_INFOPLIST_FILE = YES;
				LD_RUNPATH_SEARCH_PATHS = (
					"$(inherited)",
					"@executable_path/Frameworks",
					"@loader_path/Frameworks",
				);
				MARKETING_VERSION = 1.0;
				PRODUCT_BUNDLE_IDENTIFIER = XY.XYDouYuUITests;
				PRODUCT_NAME = "$(TARGET_NAME)";
				SWIFT_EMIT_LOC_STRINGS = NO;
				SWIFT_VERSION = 5.0;
				TARGETED_DEVICE_FAMILY = "1,2";
				TEST_TARGET_NAME = XYDouYu;
			};
			name = Debug;
		};
		216ABF692879C936003D0704 /* Release */ = {
			isa = XCBuildConfiguration;
			buildSettings = {
				ALWAYS_EMBED_SWIFT_STANDARD_LIBRARIES = YES;
				CODE_SIGN_STYLE = Automatic;
				CURRENT_PROJECT_VERSION = 1;
				GENERATE_INFOPLIST_FILE = YES;
				LD_RUNPATH_SEARCH_PATHS = (
					"$(inherited)",
					"@executable_path/Frameworks",
					"@loader_path/Frameworks",
				);
				MARKETING_VERSION = 1.0;
				PRODUCT_BUNDLE_IDENTIFIER = XY.XYDouYuUITests;
				PRODUCT_NAME = "$(TARGET_NAME)";
				SWIFT_EMIT_LOC_STRINGS = NO;
				SWIFT_VERSION = 5.0;
				TARGETED_DEVICE_FAMILY = "1,2";
				TEST_TARGET_NAME = XYDouYu;
			};
			name = Release;
		};
/* End XCBuildConfiguration section */

/* Begin XCConfigurationList section */
		216ABF322879C92F003D0704 /* Build configuration list for PBXProject "XYDouYu" */ = {
			isa = XCConfigurationList;
			buildConfigurations = (
				216ABF5F2879C936003D0704 /* Debug */,
				216ABF602879C936003D0704 /* Release */,
			);
			defaultConfigurationIsVisible = 0;
			defaultConfigurationName = Release;
		};
		216ABF612879C936003D0704 /* Build configuration list for PBXNativeTarget "XYDouYu" */ = {
			isa = XCConfigurationList;
			buildConfigurations = (
				216ABF622879C936003D0704 /* Debug */,
				216ABF632879C936003D0704 /* Release */,
			);
			defaultConfigurationIsVisible = 0;
			defaultConfigurationName = Release;
		};
		216ABF642879C936003D0704 /* Build configuration list for PBXNativeTarget "XYDouYuTests" */ = {
			isa = XCConfigurationList;
			buildConfigurations = (
				216ABF652879C936003D0704 /* Debug */,
				216ABF662879C936003D0704 /* Release */,
			);
			defaultConfigurationIsVisible = 0;
			defaultConfigurationName = Release;
		};
		216ABF672879C936003D0704 /* Build configuration list for PBXNativeTarget "XYDouYuUITests" */ = {
			isa = XCConfigurationList;
			buildConfigurations = (
				216ABF682879C936003D0704 /* Debug */,
				216ABF692879C936003D0704 /* Release */,
			);
			defaultConfigurationIsVisible = 0;
			defaultConfigurationName = Release;
		};
/* End XCConfigurationList section */
	};
	rootObject = 216ABF2F2879C92F003D0704 /* Project object */;
}
